// !$*UTF8*$!
{
	archiveVersion = 1;
	classes = {
	};
	objectVersion = 51;
	objects = {

/* Begin PBXBuildFile section */
		6C5AD4D89062A42733185243 /* Pods_holidaywork1_holidaywork1UITests.framework in Frameworks */ = {isa = PBXBuildFile; fileRef = 4D3591FBF00E9193408F392B /* Pods_holidaywork1_holidaywork1UITests.framework */; };
		7ED11D77662F87185CBFEBAF /* Pods_holidaywork1Tests.framework in Frameworks */ = {isa = PBXBuildFile; fileRef = 42DE9EB56CF78F641075976E /* Pods_holidaywork1Tests.framework */; };
		A351B27441D910F27C3E0520 /* Pods_holidaywork1.framework in Frameworks */ = {isa = PBXBuildFile; fileRef = A22154BFBCCA9C14D8B2A400 /* Pods_holidaywork1.framework */; };
		AF0EBDAC242BCB2B00806ED6 /* VideoViewController.swift in Sources */ = {isa = PBXBuildFile; fileRef = AF0EBDAB242BCB2B00806ED6 /* VideoViewController.swift */; };
		FD2FEBF5242938CE004B2792 /* ViewControllerTableViewCell.swift in Sources */ = {isa = PBXBuildFile; fileRef = FD2FEBF4242938CE004B2792 /* ViewControllerTableViewCell.swift */; };
		FD2FEBF9242AAF02004B2792 /* GoogleService-Info.plist in Resources */ = {isa = PBXBuildFile; fileRef = FD2FEBF8242AAF02004B2792 /* GoogleService-Info.plist */; };
		FD2FEC04242BC615004B2792 /* images.jpeg in Resources */ = {isa = PBXBuildFile; fileRef = FD2FEC02242BC615004B2792 /* images.jpeg */; };
		FD2FEC05242BC615004B2792 /* images-2.jpeg in Resources */ = {isa = PBXBuildFile; fileRef = FD2FEC03242BC615004B2792 /* images-2.jpeg */; };
		FD2FEC07242BC63F004B2792 /* IMG_7336.jpg in Resources */ = {isa = PBXBuildFile; fileRef = FD2FEC06242BC63F004B2792 /* IMG_7336.jpg */; };
		FD2FEC09242BFE80004B2792 /* VideoTableViewCell.swift in Sources */ = {isa = PBXBuildFile; fileRef = FD2FEC08242BFE80004B2792 /* VideoTableViewCell.swift */; };
		FD2FEC13242C093A004B2792 /* LoginViewController.swift in Sources */ = {isa = PBXBuildFile; fileRef = FD2FEC12242C093A004B2792 /* LoginViewController.swift */; };
		FD2FEC15242C146D004B2792 /* WWDCViewController.swift in Sources */ = {isa = PBXBuildFile; fileRef = FD2FEC14242C146D004B2792 /* WWDCViewController.swift */; };
		FD2FEC1B242C180F004B2792 /* WWDCTableViewCell.swift in Sources */ = {isa = PBXBuildFile; fileRef = FD2FEC1A242C180F004B2792 /* WWDCTableViewCell.swift */; };
		FD684A7D242549EF0060E567 /* AppDelegate.swift in Sources */ = {isa = PBXBuildFile; fileRef = FD684A7C242549EF0060E567 /* AppDelegate.swift */; };
		FD684A7F242549EF0060E567 /* SceneDelegate.swift in Sources */ = {isa = PBXBuildFile; fileRef = FD684A7E242549EF0060E567 /* SceneDelegate.swift */; };
		FD684A81242549EF0060E567 /* ViewController.swift in Sources */ = {isa = PBXBuildFile; fileRef = FD684A80242549EF0060E567 /* ViewController.swift */; };
		FD684A84242549EF0060E567 /* Main.storyboard in Resources */ = {isa = PBXBuildFile; fileRef = FD684A82242549EF0060E567 /* Main.storyboard */; };
		FD684A86242549F10060E567 /* Assets.xcassets in Resources */ = {isa = PBXBuildFile; fileRef = FD684A85242549F10060E567 /* Assets.xcassets */; };
		FD684A89242549F10060E567 /* LaunchScreen.storyboard in Resources */ = {isa = PBXBuildFile; fileRef = FD684A87242549F10060E567 /* LaunchScreen.storyboard */; };
		FD684A94242549F10060E567 /* holidaywork1Tests.swift in Sources */ = {isa = PBXBuildFile; fileRef = FD684A93242549F10060E567 /* holidaywork1Tests.swift */; };
		FD684A9F242549F20060E567 /* holidaywork1UITests.swift in Sources */ = {isa = PBXBuildFile; fileRef = FD684A9E242549F20060E567 /* holidaywork1UITests.swift */; };
/* End PBXBuildFile section */

/* Begin PBXContainerItemProxy section */
		FD684A90242549F10060E567 /* PBXContainerItemProxy */ = {
			isa = PBXContainerItemProxy;
			containerPortal = FD684A71242549EF0060E567 /* Project object */;
			proxyType = 1;
			remoteGlobalIDString = FD684A78242549EF0060E567;
			remoteInfo = holidaywork1;
		};
		FD684A9B242549F20060E567 /* PBXContainerItemProxy */ = {
			isa = PBXContainerItemProxy;
			containerPortal = FD684A71242549EF0060E567 /* Project object */;
			proxyType = 1;
			remoteGlobalIDString = FD684A78242549EF0060E567;
			remoteInfo = holidaywork1;
		};
/* End PBXContainerItemProxy section */

/* Begin PBXFileReference section */
		1CE288473BDB079D58D65B17 /* Pods-holidaywork1.debug.xcconfig */ = {isa = PBXFileReference; includeInIndex = 1; lastKnownFileType = text.xcconfig; name = "Pods-holidaywork1.debug.xcconfig"; path = "Target Support Files/Pods-holidaywork1/Pods-holidaywork1.debug.xcconfig"; sourceTree = "<group>"; };
		42DE9EB56CF78F641075976E /* Pods_holidaywork1Tests.framework */ = {isa = PBXFileReference; explicitFileType = wrapper.framework; includeInIndex = 0; path = Pods_holidaywork1Tests.framework; sourceTree = BUILT_PRODUCTS_DIR; };
		4D3591FBF00E9193408F392B /* Pods_holidaywork1_holidaywork1UITests.framework */ = {isa = PBXFileReference; explicitFileType = wrapper.framework; includeInIndex = 0; path = Pods_holidaywork1_holidaywork1UITests.framework; sourceTree = BUILT_PRODUCTS_DIR; };
		58926CD101A8136DEDBA444E /* Pods-holidaywork1.release.xcconfig */ = {isa = PBXFileReference; includeInIndex = 1; lastKnownFileType = text.xcconfig; name = "Pods-holidaywork1.release.xcconfig"; path = "Target Support Files/Pods-holidaywork1/Pods-holidaywork1.release.xcconfig"; sourceTree = "<group>"; };
		7B75929F85E18F55BB2E2622 /* Pods-holidaywork1Tests.debug.xcconfig */ = {isa = PBXFileReference; includeInIndex = 1; lastKnownFileType = text.xcconfig; name = "Pods-holidaywork1Tests.debug.xcconfig"; path = "Target Support Files/Pods-holidaywork1Tests/Pods-holidaywork1Tests.debug.xcconfig"; sourceTree = "<group>"; };
		A22154BFBCCA9C14D8B2A400 /* Pods_holidaywork1.framework */ = {isa = PBXFileReference; explicitFileType = wrapper.framework; includeInIndex = 0; path = Pods_holidaywork1.framework; sourceTree = BUILT_PRODUCTS_DIR; };
		A4FA0BAE20E95E23856A0359 /* Pods-holidaywork1Tests.release.xcconfig */ = {isa = PBXFileReference; includeInIndex = 1; lastKnownFileType = text.xcconfig; name = "Pods-holidaywork1Tests.release.xcconfig"; path = "Target Support Files/Pods-holidaywork1Tests/Pods-holidaywork1Tests.release.xcconfig"; sourceTree = "<group>"; };
		AF0EBDAB242BCB2B00806ED6 /* VideoViewController.swift */ = {isa = PBXFileReference; lastKnownFileType = sourcecode.swift; path = VideoViewController.swift; sourceTree = "<group>"; };
		D527E3191618B5A9AA50F84E /* Pods-holidaywork1-holidaywork1UITests.release.xcconfig */ = {isa = PBXFileReference; includeInIndex = 1; lastKnownFileType = text.xcconfig; name = "Pods-holidaywork1-holidaywork1UITests.release.xcconfig"; path = "Target Support Files/Pods-holidaywork1-holidaywork1UITests/Pods-holidaywork1-holidaywork1UITests.release.xcconfig"; sourceTree = "<group>"; };
		DA4CB85659AD3DA55E8D13EC /* Pods-holidaywork1-holidaywork1UITests.debug.xcconfig */ = {isa = PBXFileReference; includeInIndex = 1; lastKnownFileType = text.xcconfig; name = "Pods-holidaywork1-holidaywork1UITests.debug.xcconfig"; path = "Target Support Files/Pods-holidaywork1-holidaywork1UITests/Pods-holidaywork1-holidaywork1UITests.debug.xcconfig"; sourceTree = "<group>"; };
		FD2FEBF4242938CE004B2792 /* ViewControllerTableViewCell.swift */ = {isa = PBXFileReference; fileEncoding = 4; lastKnownFileType = sourcecode.swift; name = ViewControllerTableViewCell.swift; path = llSwift/ViewControllerTableViewCell.swift; sourceTree = "<group>"; };
		FD2FEBF8242AAF02004B2792 /* GoogleService-Info.plist */ = {isa = PBXFileReference; fileEncoding = 4; lastKnownFileType = text.plist.xml; path = "GoogleService-Info.plist"; sourceTree = "<group>"; };
		FD2FEC02242BC615004B2792 /* images.jpeg */ = {isa = PBXFileReference; lastKnownFileType = image.jpeg; path = images.jpeg; sourceTree = "<group>"; };
		FD2FEC03242BC615004B2792 /* images-2.jpeg */ = {isa = PBXFileReference; lastKnownFileType = image.jpeg; path = "images-2.jpeg"; sourceTree = "<group>"; };
		FD2FEC06242BC63F004B2792 /* IMG_7336.jpg */ = {isa = PBXFileReference; lastKnownFileType = image.jpeg; path = IMG_7336.jpg; sourceTree = "<group>"; };
		FD2FEC08242BFE80004B2792 /* VideoTableViewCell.swift */ = {isa = PBXFileReference; fileEncoding = 4; lastKnownFileType = sourcecode.swift; name = VideoTableViewCell.swift; path = llSwift/VideoTableViewCell.swift; sourceTree = SOURCE_ROOT; };
		FD2FEC12242C093A004B2792 /* LoginViewController.swift */ = {isa = PBXFileReference; fileEncoding = 4; lastKnownFileType = sourcecode.swift; path = LoginViewController.swift; sourceTree = "<group>"; };
		FD2FEC14242C146D004B2792 /* WWDCViewController.swift */ = {isa = PBXFileReference; fileEncoding = 4; lastKnownFileType = sourcecode.swift; name = WWDCViewController.swift; path = erSwift/WWDCViewController.swift; sourceTree = "<group>"; };
		FD2FEC1A242C180F004B2792 /* WWDCTableViewCell.swift */ = {isa = PBXFileReference; fileEncoding = 4; lastKnownFileType = sourcecode.swift; name = WWDCTableViewCell.swift; path = llSwift/WWDCTableViewCell.swift; sourceTree = SOURCE_ROOT; };
		FD684A79242549EF0060E567 /* holidaywork1.app */ = {isa = PBXFileReference; explicitFileType = wrapper.application; includeInIndex = 0; path = holidaywork1.app; sourceTree = BUILT_PRODUCTS_DIR; };
		FD684A7C242549EF0060E567 /* AppDelegate.swift */ = {isa = PBXFileReference; lastKnownFileType = sourcecode.swift; path = AppDelegate.swift; sourceTree = "<group>"; };
		FD684A7E242549EF0060E567 /* SceneDelegate.swift */ = {isa = PBXFileReference; lastKnownFileType = sourcecode.swift; path = SceneDelegate.swift; sourceTree = "<group>"; };
		FD684A80242549EF0060E567 /* ViewController.swift */ = {isa = PBXFileReference; lastKnownFileType = sourcecode.swift; path = ViewController.swift; sourceTree = "<group>"; };
		FD684A83242549EF0060E567 /* Base */ = {isa = PBXFileReference; lastKnownFileType = file.storyboard; name = Base; path = Base.lproj/Main.storyboard; sourceTree = "<group>"; };
		FD684A85242549F10060E567 /* Assets.xcassets */ = {isa = PBXFileReference; lastKnownFileType = folder.assetcatalog; path = Assets.xcassets; sourceTree = "<group>"; };
		FD684A88242549F10060E567 /* Base */ = {isa = PBXFileReference; lastKnownFileType = file.storyboard; name = Base; path = Base.lproj/LaunchScreen.storyboard; sourceTree = "<group>"; };
		FD684A8A242549F10060E567 /* Info.plist */ = {isa = PBXFileReference; lastKnownFileType = text.plist.xml; path = Info.plist; sourceTree = "<group>"; };
		FD684A8F242549F10060E567 /* holidaywork1Tests.xctest */ = {isa = PBXFileReference; explicitFileType = wrapper.cfbundle; includeInIndex = 0; path = holidaywork1Tests.xctest; sourceTree = BUILT_PRODUCTS_DIR; };
		FD684A93242549F10060E567 /* holidaywork1Tests.swift */ = {isa = PBXFileReference; lastKnownFileType = sourcecode.swift; path = holidaywork1Tests.swift; sourceTree = "<group>"; };
		FD684A95242549F10060E567 /* Info.plist */ = {isa = PBXFileReference; lastKnownFileType = text.plist.xml; path = Info.plist; sourceTree = "<group>"; };
		FD684A9A242549F20060E567 /* holidaywork1UITests.xctest */ = {isa = PBXFileReference; explicitFileType = wrapper.cfbundle; includeInIndex = 0; path = holidaywork1UITests.xctest; sourceTree = BUILT_PRODUCTS_DIR; };
		FD684A9E242549F20060E567 /* holidaywork1UITests.swift */ = {isa = PBXFileReference; lastKnownFileType = sourcecode.swift; path = holidaywork1UITests.swift; sourceTree = "<group>"; };
		FD684AA0242549F20060E567 /* Info.plist */ = {isa = PBXFileReference; lastKnownFileType = text.plist.xml; path = Info.plist; sourceTree = "<group>"; };
/* End PBXFileReference section */

/* Begin PBXFrameworksBuildPhase section */
		FD684A76242549EF0060E567 /* Frameworks */ = {
			isa = PBXFrameworksBuildPhase;
			buildActionMask = 2147483647;
			files = (
				A351B27441D910F27C3E0520 /* Pods_holidaywork1.framework in Frameworks */,
			);
			runOnlyForDeploymentPostprocessing = 0;
		};
		FD684A8C242549F10060E567 /* Frameworks */ = {
			isa = PBXFrameworksBuildPhase;
			buildActionMask = 2147483647;
			files = (
				7ED11D77662F87185CBFEBAF /* Pods_holidaywork1Tests.framework in Frameworks */,
			);
			runOnlyForDeploymentPostprocessing = 0;
		};
		FD684A97242549F20060E567 /* Frameworks */ = {
			isa = PBXFrameworksBuildPhase;
			buildActionMask = 2147483647;
			files = (
				6C5AD4D89062A42733185243 /* Pods_holidaywork1_holidaywork1UITests.framework in Frameworks */,
			);
			runOnlyForDeploymentPostprocessing = 0;
		};
/* End PBXFrameworksBuildPhase section */

/* Begin PBXGroup section */
		E721DA9B3EE978A848A9B922 /* Pods */ = {
			isa = PBXGroup;
			children = (
				1CE288473BDB079D58D65B17 /* Pods-holidaywork1.debug.xcconfig */,
				58926CD101A8136DEDBA444E /* Pods-holidaywork1.release.xcconfig */,
				DA4CB85659AD3DA55E8D13EC /* Pods-holidaywork1-holidaywork1UITests.debug.xcconfig */,
				D527E3191618B5A9AA50F84E /* Pods-holidaywork1-holidaywork1UITests.release.xcconfig */,
				7B75929F85E18F55BB2E2622 /* Pods-holidaywork1Tests.debug.xcconfig */,
				A4FA0BAE20E95E23856A0359 /* Pods-holidaywork1Tests.release.xcconfig */,
			);
			path = Pods;
			sourceTree = "<group>";
		};
		F0B03313217324FC6A0AB1E8 /* Frameworks */ = {
			isa = PBXGroup;
			children = (
				A22154BFBCCA9C14D8B2A400 /* Pods_holidaywork1.framework */,
				4D3591FBF00E9193408F392B /* Pods_holidaywork1_holidaywork1UITests.framework */,
				42DE9EB56CF78F641075976E /* Pods_holidaywork1Tests.framework */,
			);
			name = Frameworks;
			sourceTree = "<group>";
		};
		FD684A70242549EF0060E567 = {
			isa = PBXGroup;
			children = (
				FD684A7B242549EF0060E567 /* holidaywork1 */,
				FD684A92242549F10060E567 /* holidaywork1Tests */,
				FD684A9D242549F20060E567 /* holidaywork1UITests */,
				FD684A7A242549EF0060E567 /* Products */,
				FD2FEBF8242AAF02004B2792 /* GoogleService-Info.plist */,
				E721DA9B3EE978A848A9B922 /* Pods */,
				F0B03313217324FC6A0AB1E8 /* Frameworks */,
			);
			sourceTree = "<group>";
		};
		FD684A7A242549EF0060E567 /* Products */ = {
			isa = PBXGroup;
			children = (
				FD684A79242549EF0060E567 /* holidaywork1.app */,
				FD684A8F242549F10060E567 /* holidaywork1Tests.xctest */,
				FD684A9A242549F20060E567 /* holidaywork1UITests.xctest */,
			);
			name = Products;
			sourceTree = "<group>";
		};
		FD684A7B242549EF0060E567 /* holidaywork1 */ = {
			isa = PBXGroup;
			children = (
				FD684A7C242549EF0060E567 /* AppDelegate.swift */,
				FD684A7E242549EF0060E567 /* SceneDelegate.swift */,
				FD684A80242549EF0060E567 /* ViewController.swift */,
				FD2FEBF4242938CE004B2792 /* ViewControllerTableViewCell.swift */,
				FD684A82242549EF0060E567 /* Main.storyboard */,
				FD2FEC14242C146D004B2792 /* WWDCViewController.swift */,
				FD2FEC1A242C180F004B2792 /* WWDCTableViewCell.swift */,
				AF0EBDAB242BCB2B00806ED6 /* VideoViewController.swift */,
				FD2FEC12242C093A004B2792 /* LoginViewController.swift */,
				FD2FEC08242BFE80004B2792 /* VideoTableViewCell.swift */,
				FD684A85242549F10060E567 /* Assets.xcassets */,
				FD2FEC06242BC63F004B2792 /* IMG_7336.jpg */,
				FD2FEC03242BC615004B2792 /* images-2.jpeg */,
				FD2FEC02242BC615004B2792 /* images.jpeg */,
				FD684A87242549F10060E567 /* LaunchScreen.storyboard */,
				FD684A8A242549F10060E567 /* Info.plist */,
			);
			path = holidaywork1;
			sourceTree = "<group>";
		};
		FD684A92242549F10060E567 /* holidaywork1Tests */ = {
			isa = PBXGroup;
			children = (
				FD684A93242549F10060E567 /* holidaywork1Tests.swift */,
				FD684A95242549F10060E567 /* Info.plist */,
			);
			path = holidaywork1Tests;
			sourceTree = "<group>";
		};
		FD684A9D242549F20060E567 /* holidaywork1UITests */ = {
			isa = PBXGroup;
			children = (
				FD684A9E242549F20060E567 /* holidaywork1UITests.swift */,
				FD684AA0242549F20060E567 /* Info.plist */,
			);
			path = holidaywork1UITests;
			sourceTree = "<group>";
		};
/* End PBXGroup section */

/* Begin PBXNativeTarget section */
		FD684A78242549EF0060E567 /* holidaywork1 */ = {
			isa = PBXNativeTarget;
			buildConfigurationList = FD684AA3242549F20060E567 /* Build configuration list for PBXNativeTarget "holidaywork1" */;
			buildPhases = (
				633DC23776737F1ADD95646D /* [CP] Check Pods Manifest.lock */,
				FD684A75242549EF0060E567 /* Sources */,
				FD684A76242549EF0060E567 /* Frameworks */,
				FD684A77242549EF0060E567 /* Resources */,
				271B476CEA2A41AA8362BA8B /* [CP] Embed Pods Frameworks */,
			);
			buildRules = (
			);
			dependencies = (
			);
			name = holidaywork1;
			productName = holidaywork1;
			productReference = FD684A79242549EF0060E567 /* holidaywork1.app */;
			productType = "com.apple.product-type.application";
		};
		FD684A8E242549F10060E567 /* holidaywork1Tests */ = {
			isa = PBXNativeTarget;
			buildConfigurationList = FD684AA6242549F20060E567 /* Build configuration list for PBXNativeTarget "holidaywork1Tests" */;
			buildPhases = (
				EC3A96C1570C71B53311DC42 /* [CP] Check Pods Manifest.lock */,
				FD684A8B242549F10060E567 /* Sources */,
				FD684A8C242549F10060E567 /* Frameworks */,
				FD684A8D242549F10060E567 /* Resources */,
			);
			buildRules = (
			);
			dependencies = (
				FD684A91242549F10060E567 /* PBXTargetDependency */,
			);
			name = holidaywork1Tests;
			productName = holidaywork1Tests;
			productReference = FD684A8F242549F10060E567 /* holidaywork1Tests.xctest */;
			productType = "com.apple.product-type.bundle.unit-test";
		};
		FD684A99242549F20060E567 /* holidaywork1UITests */ = {
			isa = PBXNativeTarget;
			buildConfigurationList = FD684AA9242549F20060E567 /* Build configuration list for PBXNativeTarget "holidaywork1UITests" */;
			buildPhases = (
				C615DB0B7F2D6022646AE9C4 /* [CP] Check Pods Manifest.lock */,
				FD684A96242549F20060E567 /* Sources */,
				FD684A97242549F20060E567 /* Frameworks */,
				FD684A98242549F20060E567 /* Resources */,
				131139C8A403BF7E5FB75CBC /* [CP] Embed Pods Frameworks */,
			);
			buildRules = (
			);
			dependencies = (
				FD684A9C242549F20060E567 /* PBXTargetDependency */,
			);
			name = holidaywork1UITests;
			productName = holidaywork1UITests;
			productReference = FD684A9A242549F20060E567 /* holidaywork1UITests.xctest */;
			productType = "com.apple.product-type.bundle.ui-testing";
		};
/* End PBXNativeTarget section */

/* Begin PBXProject section */
		FD684A71242549EF0060E567 /* Project object */ = {
			isa = PBXProject;
			attributes = {
				LastSwiftUpdateCheck = 1120;
				LastUpgradeCheck = 1120;
				ORGANIZATIONNAME = "riddhi gupta";
				TargetAttributes = {
					FD684A78242549EF0060E567 = {
						CreatedOnToolsVersion = 11.2.1;
					};
					FD684A8E242549F10060E567 = {
						CreatedOnToolsVersion = 11.2.1;
						TestTargetID = FD684A78242549EF0060E567;
					};
					FD684A99242549F20060E567 = {
						CreatedOnToolsVersion = 11.2.1;
						TestTargetID = FD684A78242549EF0060E567;
					};
				};
			};
			buildConfigurationList = FD684A74242549EF0060E567 /* Build configuration list for PBXProject "holidaywork1" */;
			compatibilityVersion = "Xcode 9.3";
			developmentRegion = en;
			hasScannedForEncodings = 0;
			knownRegions = (
				en,
				Base,
			);
			mainGroup = FD684A70242549EF0060E567;
			productRefGroup = FD684A7A242549EF0060E567 /* Products */;
			projectDirPath = "";
			projectRoot = "";
			targets = (
				FD684A78242549EF0060E567 /* holidaywork1 */,
				FD684A8E242549F10060E567 /* holidaywork1Tests */,
				FD684A99242549F20060E567 /* holidaywork1UITests */,
			);
		};
/* End PBXProject section */

/* Begin PBXResourcesBuildPhase section */
		FD684A77242549EF0060E567 /* Resources */ = {
			isa = PBXResourcesBuildPhase;
			buildActionMask = 2147483647;
			files = (
				FD684A89242549F10060E567 /* LaunchScreen.storyboard in Resources */,
				FD2FEC04242BC615004B2792 /* images.jpeg in Resources */,
				FD684A86242549F10060E567 /* Assets.xcassets in Resources */,
				FD2FEBF9242AAF02004B2792 /* GoogleService-Info.plist in Resources */,
				FD2FEC07242BC63F004B2792 /* IMG_7336.jpg in Resources */,
				FD2FEC05242BC615004B2792 /* images-2.jpeg in Resources */,
				FD684A84242549EF0060E567 /* Main.storyboard in Resources */,
			);
			runOnlyForDeploymentPostprocessing = 0;
		};
		FD684A8D242549F10060E567 /* Resources */ = {
			isa = PBXResourcesBuildPhase;
			buildActionMask = 2147483647;
			files = (
			);
			runOnlyForDeploymentPostprocessing = 0;
		};
		FD684A98242549F20060E567 /* Resources */ = {
			isa = PBXResourcesBuildPhase;
			buildActionMask = 2147483647;
			files = (
			);
			runOnlyForDeploymentPostprocessing = 0;
		};
/* End PBXResourcesBuildPhase section */

/* Begin PBXShellScriptBuildPhase section */
		131139C8A403BF7E5FB75CBC /* [CP] Embed Pods Frameworks */ = {
			isa = PBXShellScriptBuildPhase;
			buildActionMask = 2147483647;
			files = (
			);
			inputFileListPaths = (
				"${PODS_ROOT}/Target Support Files/Pods-holidaywork1-holidaywork1UITests/Pods-holidaywork1-holidaywork1UITests-frameworks-${CONFIGURATION}-input-files.xcfilelist",
			);
			name = "[CP] Embed Pods Frameworks";
			outputFileListPaths = (
				"${PODS_ROOT}/Target Support Files/Pods-holidaywork1-holidaywork1UITests/Pods-holidaywork1-holidaywork1UITests-frameworks-${CONFIGURATION}-output-files.xcfilelist",
			);
			runOnlyForDeploymentPostprocessing = 0;
			shellPath = /bin/sh;
			shellScript = "\"${PODS_ROOT}/Target Support Files/Pods-holidaywork1-holidaywork1UITests/Pods-holidaywork1-holidaywork1UITests-frameworks.sh\"\n";
			showEnvVarsInLog = 0;
		};
		271B476CEA2A41AA8362BA8B /* [CP] Embed Pods Frameworks */ = {
			isa = PBXShellScriptBuildPhase;
			buildActionMask = 2147483647;
			files = (
			);
			inputFileListPaths = (
				"${PODS_ROOT}/Target Support Files/Pods-holidaywork1/Pods-holidaywork1-frameworks-${CONFIGURATION}-input-files.xcfilelist",
			);
			name = "[CP] Embed Pods Frameworks";
			outputFileListPaths = (
				"${PODS_ROOT}/Target Support Files/Pods-holidaywork1/Pods-holidaywork1-frameworks-${CONFIGURATION}-output-files.xcfilelist",
			);
			runOnlyForDeploymentPostprocessing = 0;
			shellPath = /bin/sh;
			shellScript = "\"${PODS_ROOT}/Target Support Files/Pods-holidaywork1/Pods-holidaywork1-frameworks.sh\"\n";
			showEnvVarsInLog = 0;
		};
		633DC23776737F1ADD95646D /* [CP] Check Pods Manifest.lock */ = {
			isa = PBXShellScriptBuildPhase;
			buildActionMask = 2147483647;
			files = (
			);
			inputFileListPaths = (
			);
			inputPaths = (
				"${PODS_PODFILE_DIR_PATH}/Podfile.lock",
				"${PODS_ROOT}/Manifest.lock",
			);
			name = "[CP] Check Pods Manifest.lock";
			outputFileListPaths = (
			);
			outputPaths = (
				"$(DERIVED_FILE_DIR)/Pods-holidaywork1-checkManifestLockResult.txt",
			);
			runOnlyForDeploymentPostprocessing = 0;
			shellPath = /bin/sh;
			shellScript = "diff \"${PODS_PODFILE_DIR_PATH}/Podfile.lock\" \"${PODS_ROOT}/Manifest.lock\" > /dev/null\nif [ $? != 0 ] ; then\n    # print error to STDERR\n    echo \"error: The sandbox is not in sync with the Podfile.lock. Run 'pod install' or update your CocoaPods installation.\" >&2\n    exit 1\nfi\n# This output is used by Xcode 'outputs' to avoid re-running this script phase.\necho \"SUCCESS\" > \"${SCRIPT_OUTPUT_FILE_0}\"\n";
			showEnvVarsInLog = 0;
		};
		C615DB0B7F2D6022646AE9C4 /* [CP] Check Pods Manifest.lock */ = {
			isa = PBXShellScriptBuildPhase;
			buildActionMask = 2147483647;
			files = (
			);
			inputFileListPaths = (
			);
			inputPaths = (
				"${PODS_PODFILE_DIR_PATH}/Podfile.lock",
				"${PODS_ROOT}/Manifest.lock",
			);
			name = "[CP] Check Pods Manifest.lock";
			outputFileListPaths = (
			);
			outputPaths = (
				"$(DERIVED_FILE_DIR)/Pods-holidaywork1-holidaywork1UITests-checkManifestLockResult.txt",
			);
			runOnlyForDeploymentPostprocessing = 0;
			shellPath = /bin/sh;
			shellScript = "diff \"${PODS_PODFILE_DIR_PATH}/Podfile.lock\" \"${PODS_ROOT}/Manifest.lock\" > /dev/null\nif [ $? != 0 ] ; then\n    # print error to STDERR\n    echo \"error: The sandbox is not in sync with the Podfile.lock. Run 'pod install' or update your CocoaPods installation.\" >&2\n    exit 1\nfi\n# This output is used by Xcode 'outputs' to avoid re-running this script phase.\necho \"SUCCESS\" > \"${SCRIPT_OUTPUT_FILE_0}\"\n";
			showEnvVarsInLog = 0;
		};
		EC3A96C1570C71B53311DC42 /* [CP] Check Pods Manifest.lock */ = {
			isa = PBXShellScriptBuildPhase;
			buildActionMask = 2147483647;
			files = (
			);
			inputFileListPaths = (
			);
			inputPaths = (
				"${PODS_PODFILE_DIR_PATH}/Podfile.lock",
				"${PODS_ROOT}/Manifest.lock",
			);
			name = "[CP] Check Pods Manifest.lock";
			outputFileListPaths = (
			);
			outputPaths = (
				"$(DERIVED_FILE_DIR)/Pods-holidaywork1Tests-checkManifestLockResult.txt",
			);
			runOnlyForDeploymentPostprocessing = 0;
			shellPath = /bin/sh;
			shellScript = "diff \"${PODS_PODFILE_DIR_PATH}/Podfile.lock\" \"${PODS_ROOT}/Manifest.lock\" > /dev/null\nif [ $? != 0 ] ; then\n    # print error to STDERR\n    echo \"error: The sandbox is not in sync with the Podfile.lock. Run 'pod install' or update your CocoaPods installation.\" >&2\n    exit 1\nfi\n# This output is used by Xcode 'outputs' to avoid re-running this script phase.\necho \"SUCCESS\" > \"${SCRIPT_OUTPUT_FILE_0}\"\n";
			showEnvVarsInLog = 0;
		};
/* End PBXShellScriptBuildPhase section */

/* Begin PBXSourcesBuildPhase section */
		FD684A75242549EF0060E567 /* Sources */ = {
			isa = PBXSourcesBuildPhase;
			buildActionMask = 2147483647;
			files = (
				FD2FEC1B242C180F004B2792 /* WWDCTableViewCell.swift in Sources */,
				FD2FEC13242C093A004B2792 /* LoginViewController.swift in Sources */,
				FD684A81242549EF0060E567 /* ViewController.swift in Sources */,
				FD684A7D242549EF0060E567 /* AppDelegate.swift in Sources */,
				FD2FEBF5242938CE004B2792 /* ViewControllerTableViewCell.swift in Sources */,
				AF0EBDAC242BCB2B00806ED6 /* VideoViewController.swift in Sources */,
				FD684A7F242549EF0060E567 /* SceneDelegate.swift in Sources */,
				FD2FEC09242BFE80004B2792 /* VideoTableViewCell.swift in Sources */,
				FD2FEC15242C146D004B2792 /* WWDCViewController.swift in Sources */,
			);
			runOnlyForDeploymentPostprocessing = 0;
		};
		FD684A8B242549F10060E567 /* Sources */ = {
			isa = PBXSourcesBuildPhase;
			buildActionMask = 2147483647;
			files = (
				FD684A94242549F10060E567 /* holidaywork1Tests.swift in Sources */,
			);
			runOnlyForDeploymentPostprocessing = 0;
		};
		FD684A96242549F20060E567 /* Sources */ = {
			isa = PBXSourcesBuildPhase;
			buildActionMask = 2147483647;
			files = (
				FD684A9F242549F20060E567 /* holidaywork1UITests.swift in Sources */,
			);
			runOnlyForDeploymentPostprocessing = 0;
		};
/* End PBXSourcesBuildPhase section */

/* Begin PBXTargetDependency section */
		FD684A91242549F10060E567 /* PBXTargetDependency */ = {
			isa = PBXTargetDependency;
			target = FD684A78242549EF0060E567 /* holidaywork1 */;
			targetProxy = FD684A90242549F10060E567 /* PBXContainerItemProxy */;
		};
		FD684A9C242549F20060E567 /* PBXTargetDependency */ = {
			isa = PBXTargetDependency;
			target = FD684A78242549EF0060E567 /* holidaywork1 */;
			targetProxy = FD684A9B242549F20060E567 /* PBXContainerItemProxy */;
		};
/* End PBXTargetDependency section */

/* Begin PBXVariantGroup section */
		FD684A82242549EF0060E567 /* Main.storyboard */ = {
			isa = PBXVariantGroup;
			children = (
				FD684A83242549EF0060E567 /* Base */,
			);
			name = Main.storyboard;
			sourceTree = "<group>";
		};
		FD684A87242549F10060E567 /* LaunchScreen.storyboard */ = {
			isa = PBXVariantGroup;
			children = (
				FD684A88242549F10060E567 /* Base */,
			);
			name = LaunchScreen.storyboard;
			sourceTree = "<group>";
		};
/* End PBXVariantGroup section */

/* Begin XCBuildConfiguration section */
		FD684AA1242549F20060E567 /* Debug */ = {
			isa = XCBuildConfiguration;
			buildSettings = {
				ALWAYS_SEARCH_USER_PATHS = NO;
				CLANG_ANALYZER_NONNULL = YES;
				CLANG_ANALYZER_NUMBER_OBJECT_CONVERSION = YES_AGGRESSIVE;
				CLANG_CXX_LANGUAGE_STANDARD = "gnu++14";
				CLANG_CXX_LIBRARY = "libc++";
				CLANG_ENABLE_MODULES = YES;
				CLANG_ENABLE_OBJC_ARC = YES;
				CLANG_ENABLE_OBJC_WEAK = YES;
				CLANG_WARN_BLOCK_CAPTURE_AUTORELEASING = YES;
				CLANG_WARN_BOOL_CONVERSION = YES;
				CLANG_WARN_COMMA = YES;
				CLANG_WARN_CONSTANT_CONVERSION = YES;
				CLANG_WARN_DEPRECATED_OBJC_IMPLEMENTATIONS = YES;
				CLANG_WARN_DIRECT_OBJC_ISA_USAGE = YES_ERROR;
				CLANG_WARN_DOCUMENTATION_COMMENTS = YES;
				CLANG_WARN_EMPTY_BODY = YES;
				CLANG_WARN_ENUM_CONVERSION = YES;
				CLANG_WARN_INFINITE_RECURSION = YES;
				CLANG_WARN_INT_CONVERSION = YES;
				CLANG_WARN_NON_LITERAL_NULL_CONVERSION = YES;
				CLANG_WARN_OBJC_IMPLICIT_RETAIN_SELF = YES;
				CLANG_WARN_OBJC_LITERAL_CONVERSION = YES;
				CLANG_WARN_OBJC_ROOT_CLASS = YES_ERROR;
				CLANG_WARN_RANGE_LOOP_ANALYSIS = YES;
				CLANG_WARN_STRICT_PROTOTYPES = YES;
				CLANG_WARN_SUSPICIOUS_MOVE = YES;
				CLANG_WARN_UNGUARDED_AVAILABILITY = YES_AGGRESSIVE;
				CLANG_WARN_UNREACHABLE_CODE = YES;
				CLANG_WARN__DUPLICATE_METHOD_MATCH = YES;
				COPY_PHASE_STRIP = NO;
				DEBUG_INFORMATION_FORMAT = dwarf;
				ENABLE_STRICT_OBJC_MSGSEND = YES;
				ENABLE_TESTABILITY = YES;
				GCC_C_LANGUAGE_STANDARD = gnu11;
				GCC_DYNAMIC_NO_PIC = NO;
				GCC_NO_COMMON_BLOCKS = YES;
				GCC_OPTIMIZATION_LEVEL = 0;
				GCC_PREPROCESSOR_DEFINITIONS = (
					"DEBUG=1",
					"$(inherited)",
				);
				GCC_WARN_64_TO_32_BIT_CONVERSION = YES;
				GCC_WARN_ABOUT_RETURN_TYPE = YES_ERROR;
				GCC_WARN_UNDECLARED_SELECTOR = YES;
				GCC_WARN_UNINITIALIZED_AUTOS = YES_AGGRESSIVE;
				GCC_WARN_UNUSED_FUNCTION = YES;
				GCC_WARN_UNUSED_VARIABLE = YES;
				IPHONEOS_DEPLOYMENT_TARGET = 13.2;
				MTL_ENABLE_DEBUG_INFO = INCLUDE_SOURCE;
				MTL_FAST_MATH = YES;
				ONLY_ACTIVE_ARCH = YES;
				SDKROOT = iphoneos;
				SWIFT_ACTIVE_COMPILATION_CONDITIONS = DEBUG;
				SWIFT_OPTIMIZATION_LEVEL = "-Onone";
			};
			name = Debug;
		};
		FD684AA2242549F20060E567 /* Release */ = {
			isa = XCBuildConfiguration;
			buildSettings = {
				ALWAYS_SEARCH_USER_PATHS = NO;
				CLANG_ANALYZER_NONNULL = YES;
				CLANG_ANALYZER_NUMBER_OBJECT_CONVERSION = YES_AGGRESSIVE;
				CLANG_CXX_LANGUAGE_STANDARD = "gnu++14";
				CLANG_CXX_LIBRARY = "libc++";
				CLANG_ENABLE_MODULES = YES;
				CLANG_ENABLE_OBJC_ARC = YES;
				CLANG_ENABLE_OBJC_WEAK = YES;
				CLANG_WARN_BLOCK_CAPTURE_AUTORELEASING = YES;
				CLANG_WARN_BOOL_CONVERSION = YES;
				CLANG_WARN_COMMA = YES;
				CLANG_WARN_CONSTANT_CONVERSION = YES;
				CLANG_WARN_DEPRECATED_OBJC_IMPLEMENTATIONS = YES;
				CLANG_WARN_DIRECT_OBJC_ISA_USAGE = YES_ERROR;
				CLANG_WARN_DOCUMENTATION_COMMENTS = YES;
				CLANG_WARN_EMPTY_BODY = YES;
				CLANG_WARN_ENUM_CONVERSION = YES;
				CLANG_WARN_INFINITE_RECURSION = YES;
				CLANG_WARN_INT_CONVERSION = YES;
				CLANG_WARN_NON_LITERAL_NULL_CONVERSION = YES;
				CLANG_WARN_OBJC_IMPLICIT_RETAIN_SELF = YES;
				CLANG_WARN_OBJC_LITERAL_CONVERSION = YES;
				CLANG_WARN_OBJC_ROOT_CLASS = YES_ERROR;
				CLANG_WARN_RANGE_LOOP_ANALYSIS = YES;
				CLANG_WARN_STRICT_PROTOTYPES = YES;
				CLANG_WARN_SUSPICIOUS_MOVE = YES;
				CLANG_WARN_UNGUARDED_AVAILABILITY = YES_AGGRESSIVE;
				CLANG_WARN_UNREACHABLE_CODE = YES;
				CLANG_WARN__DUPLICATE_METHOD_MATCH = YES;
				COPY_PHASE_STRIP = NO;
				DEBUG_INFORMATION_FORMAT = "dwarf-with-dsym";
				ENABLE_NS_ASSERTIONS = NO;
				ENABLE_STRICT_OBJC_MSGSEND = YES;
				GCC_C_LANGUAGE_STANDARD = gnu11;
				GCC_NO_COMMON_BLOCKS = YES;
				GCC_WARN_64_TO_32_BIT_CONVERSION = YES;
				GCC_WARN_ABOUT_RETURN_TYPE = YES_ERROR;
				GCC_WARN_UNDECLARED_SELECTOR = YES;
				GCC_WARN_UNINITIALIZED_AUTOS = YES_AGGRESSIVE;
				GCC_WARN_UNUSED_FUNCTION = YES;
				GCC_WARN_UNUSED_VARIABLE = YES;
				IPHONEOS_DEPLOYMENT_TARGET = 13.2;
				MTL_ENABLE_DEBUG_INFO = NO;
				MTL_FAST_MATH = YES;
				SDKROOT = iphoneos;
				SWIFT_COMPILATION_MODE = wholemodule;
				SWIFT_OPTIMIZATION_LEVEL = "-O";
				VALIDATE_PRODUCT = YES;
			};
			name = Release;
		};
		FD684AA4242549F20060E567 /* Debug */ = {
			isa = XCBuildConfiguration;
			baseConfigurationReference = 1CE288473BDB079D58D65B17 /* Pods-holidaywork1.debug.xcconfig */;
			buildSettings = {
				ASSETCATALOG_COMPILER_APPICON_NAME = AppIcon;
				CODE_SIGN_STYLE = Automatic;
				INFOPLIST_FILE = holidaywork1/Info.plist;
				LD_RUNPATH_SEARCH_PATHS = (
					"$(inherited)",
					"@executable_path/Frameworks",
				);
				PRODUCT_BUNDLE_IDENTIFIER = lkc.holidaywork1;
				PRODUCT_NAME = "$(TARGET_NAME)";
				SWIFT_VERSION = 5.0;
				TARGETED_DEVICE_FAMILY = "1,2";
			};
			name = Debug;
		};
		FD684AA5242549F20060E567 /* Release */ = {
			isa = XCBuildConfiguration;
			baseConfigurationReference = 58926CD101A8136DEDBA444E /* Pods-holidaywork1.release.xcconfig */;
			buildSettings = {
				ASSETCATALOG_COMPILER_APPICON_NAME = AppIcon;
				CODE_SIGN_STYLE = Automatic;
				INFOPLIST_FILE = holidaywork1/Info.plist;
				LD_RUNPATH_SEARCH_PATHS = (
					"$(inherited)",
					"@executable_path/Frameworks",
				);
				PRODUCT_BUNDLE_IDENTIFIER = lkc.holidaywork1;
				PRODUCT_NAME = "$(TARGET_NAME)";
				SWIFT_VERSION = 5.0;
				TARGETED_DEVICE_FAMILY = "1,2";
			};
			name = Release;
		};
		FD684AA7242549F20060E567 /* Debug */ = {
			isa = XCBuildConfiguration;
			baseConfigurationReference = 7B75929F85E18F55BB2E2622 /* Pods-holidaywork1Tests.debug.xcconfig */;
			buildSettings = {
				ALWAYS_EMBED_SWIFT_STANDARD_LIBRARIES = YES;
				BUNDLE_LOADER = "$(TEST_HOST)";
				CODE_SIGN_STYLE = Automatic;
				INFOPLIST_FILE = holidaywork1Tests/Info.plist;
				IPHONEOS_DEPLOYMENT_TARGET = 13.2;
				LD_RUNPATH_SEARCH_PATHS = (
					"$(inherited)",
					"@executable_path/Frameworks",
					"@loader_path/Frameworks",
				);
				PRODUCT_BUNDLE_IDENTIFIER = lkc.holidaywork1Tests;
				PRODUCT_NAME = "$(TARGET_NAME)";
				SWIFT_VERSION = 5.0;
				TARGETED_DEVICE_FAMILY = "1,2";
				TEST_HOST = "$(BUILT_PRODUCTS_DIR)/holidaywork1.app/holidaywork1";
			};
			name = Debug;
		};
		FD684AA8242549F20060E567 /* Release */ = {
			isa = XCBuildConfiguration;
			baseConfigurationReference = A4FA0BAE20E95E23856A0359 /* Pods-holidaywork1Tests.release.xcconfig */;
			buildSettings = {
				ALWAYS_EMBED_SWIFT_STANDARD_LIBRARIES = YES;
				BUNDLE_LOADER = "$(TEST_HOST)";
				CODE_SIGN_STYLE = Automatic;
				INFOPLIST_FILE = holidaywork1Tests/Info.plist;
				IPHONEOS_DEPLOYMENT_TARGET = 13.2;
				LD_RUNPATH_SEARCH_PATHS = (
					"$(inherited)",
					"@executable_path/Frameworks",
					"@loader_path/Frameworks",
				);
				PRODUCT_BUNDLE_IDENTIFIER = lkc.holidaywork1Tests;
				PRODUCT_NAME = "$(TARGET_NAME)";
				SWIFT_VERSION = 5.0;
				TARGETED_DEVICE_FAMILY = "1,2";
				TEST_HOST = "$(BUILT_PRODUCTS_DIR)/holidaywork1.app/holidaywork1";
			};
			name = Release;
		};
		FD684AAA242549F20060E567 /* Debug */ = {
			isa = XCBuildConfiguration;
			baseConfigurationReference = DA4CB85659AD3DA55E8D13EC /* Pods-holidaywork1-holidaywork1UITests.debug.xcconfig */;
			buildSettings = {
				ALWAYS_EMBED_SWIFT_STANDARD_LIBRARIES = YES;
				CODE_SIGN_STYLE = Automatic;
				INFOPLIST_FILE = holidaywork1UITests/Info.plist;
				LD_RUNPATH_SEARCH_PATHS = (
					"$(inherited)",
					"@executable_path/Frameworks",
					"@loader_path/Frameworks",
				);
				PRODUCT_BUNDLE_IDENTIFIER = lkc.holidaywork1UITests;
				PRODUCT_NAME = "$(TARGET_NAME)";
				SWIFT_VERSION = 5.0;
				TARGETED_DEVICE_FAMILY = "1,2";
				TEST_TARGET_NAME = holidaywork1;
			};
			name = Debug;
		};
		FD684AAB242549F20060E567 /* Release */ = {
			isa = XCBuildConfiguration;
			baseConfigurationReference = D527E3191618B5A9AA50F84E /* Pods-holidaywork1-holidaywork1UITests.release.xcconfig */;
			buildSettings = {
				ALWAYS_EMBED_SWIFT_STANDARD_LIBRARIES = YES;
				CODE_SIGN_STYLE = Automatic;
				INFOPLIST_FILE = holidaywork1UITests/Info.plist;
				LD_RUNPATH_SEARCH_PATHS = (
					"$(inherited)",
					"@executable_path/Frameworks",
					"@loader_path/Frameworks",
				);
				PRODUCT_BUNDLE_IDENTIFIER = lkc.holidaywork1UITests;
				PRODUCT_NAME = "$(TARGET_NAME)";
				SWIFT_VERSION = 5.0;
				TARGETED_DEVICE_FAMILY = "1,2";
				TEST_TARGET_NAME = holidaywork1;
			};
			name = Release;
		};
/* End XCBuildConfiguration section */

/* Begin XCConfigurationList section */
		FD684A74242549EF0060E567 /* Build configuration list for PBXProject "holidaywork1" */ = {
			isa = XCConfigurationList;
			buildConfigurations = (
				FD684AA1242549F20060E567 /* Debug */,
				FD684AA2242549F20060E567 /* Release */,
			);
			defaultConfigurationIsVisible = 0;
			defaultConfigurationName = Release;
		};
		FD684AA3242549F20060E567 /* Build configuration list for PBXNativeTarget "holidaywork1" */ = {
			isa = XCConfigurationList;
			buildConfigurations = (
				FD684AA4242549F20060E567 /* Debug */,
				FD684AA5242549F20060E567 /* Release */,
			);
			defaultConfigurationIsVisible = 0;
			defaultConfigurationName = Release;
		};
		FD684AA6242549F20060E567 /* Build configuration list for PBXNativeTarget "holidaywork1Tests" */ = {
			isa = XCConfigurationList;
			buildConfigurations = (
				FD684AA7242549F20060E567 /* Debug */,
				FD684AA8242549F20060E567 /* Release */,
			);
			defaultConfigurationIsVisible = 0;
			defaultConfigurationName = Release;
		};
		FD684AA9242549F20060E567 /* Build configuration list for PBXNativeTarget "holidaywork1UITests" */ = {
			isa = XCConfigurationList;
			buildConfigurations = (
				FD684AAA242549F20060E567 /* Debug */,
				FD684AAB242549F20060E567 /* Release */,
			);
			defaultConfigurationIsVisible = 0;
			defaultConfigurationName = Release;
		};
/* End XCConfigurationList section */
	};
	rootObject = FD684A71242549EF0060E567 /* Project object */;
}
